
Microsoft Visual Studio Solution File, Format Version 12.00
# Visual Studio Version 17
VisualStudioVersion = 17.13.35931.197 d17.13
MinimumVisualStudioVersion = 10.0.40219.1
Project("{FAE04EC0-301F-11D3-BF4B-00C04F79EFBC}") = "ClubeDaLeitura.ConsoleApp", "ClubeDaLeitura.ConsoleApp\ClubeDaLeitura.ConsoleApp.csproj", "{11910EAE-C717-4B8B-80DA-390C735187B4}"
EndProject
Global
	GlobalSection(SolutionConfigurationPlatforms) = preSolution
		Debug|Any CPU = Debug|Any CPU
		Release|Any CPU = Release|Any CPU
	EndGlobalSection
	GlobalSection(ProjectConfigurationPlatforms) = postSolution
		{11910EAE-C717-4B8B-80DA-390C735187B4}.Debug|Any CPU.ActiveCfg = Debug|Any CPU
		{11910EAE-C717-4B8B-80DA-390C735187B4}.Debug|Any CPU.Build.0 = Debug|Any CPU
		{11910EAE-C717-4B8B-80DA-390C735187B4}.Release|Any CPU.ActiveCfg = Release|Any CPU
		{11910EAE-C717-4B8B-80DA-390C735187B4}.Release|Any CPU.Build.0 = Release|Any CPU
	EndGlobalSection
	GlobalSection(SolutionProperties) = preSolution
		HideSolutionNode = FALSE
	EndGlobalSection
	GlobalSection(ExtensibilityGlobals) = postSolution
		SolutionGuid = {84BA2064-4C84-4334-B59E-F9BA9A76B2B6}
	EndGlobalSection
EndGlobal
